// !$*UTF8*$!
{
	archiveVersion = 1;
	classes = {
	};
	objectVersion = 46;
	objects = {

/* Begin PBXBuildFile section */
		579FD1971DCAE8BA002AADE0 /* AppDelegate.swift in Sources */ = {isa = PBXBuildFile; fileRef = 579FD1961DCAE8BA002AADE0 /* AppDelegate.swift */; };
		579FD1991DCAE8BA002AADE0 /* ViewController.swift in Sources */ = {isa = PBXBuildFile; fileRef = 579FD1981DCAE8BA002AADE0 /* ViewController.swift */; };
		579FD19B1DCAE8BA002AADE0 /* Assets.xcassets in Resources */ = {isa = PBXBuildFile; fileRef = 579FD19A1DCAE8BA002AADE0 /* Assets.xcassets */; };
		579FD19E1DCAE8BA002AADE0 /* Main.storyboard in Resources */ = {isa = PBXBuildFile; fileRef = 579FD19C1DCAE8BA002AADE0 /* Main.storyboard */; };
/* End PBXBuildFile section */

/* Begin PBXFileReference section */
		579FD1931DCAE8BA002AADE0 /* milankovitch.app */ = {isa = PBXFileReference; explicitFileType = wrapper.application; includeInIndex = 0; path = milankovitch.app; sourceTree = BUILT_PRODUCTS_DIR; };
		579FD1961DCAE8BA002AADE0 /* AppDelegate.swift */ = {isa = PBXFileReference; lastKnownFileType = sourcecode.swift; path = AppDelegate.swift; sourceTree = "<group>"; };
		579FD1981DCAE8BA002AADE0 /* ViewController.swift */ = {isa = PBXFileReference; lastKnownFileType = sourcecode.swift; path = ViewController.swift; sourceTree = "<group>"; };
		579FD19A1DCAE8BA002AADE0 /* Assets.xcassets */ = {isa = PBXFileReference; lastKnownFileType = folder.assetcatalog; path = Assets.xcassets; sourceTree = "<group>"; };
		579FD19D1DCAE8BA002AADE0 /* Base */ = {isa = PBXFileReference; lastKnownFileType = file.storyboard; name = Base; path = Base.lproj/Main.storyboard; sourceTree = "<group>"; };
		579FD19F1DCAE8BA002AADE0 /* Info.plist */ = {isa = PBXFileReference; lastKnownFileType = text.plist.xml; path = Info.plist; sourceTree = "<group>"; };
/* End PBXFileReference section */

/* Begin PBXFrameworksBuildPhase section */
		579FD1901DCAE8BA002AADE0 /* Frameworks */ = {
			isa = PBXFrameworksBuildPhase;
			buildActionMask = 2147483647;
			files = (
			);
			runOnlyForDeploymentPostprocessing = 0;
		};
/* End PBXFrameworksBuildPhase section */

/* Begin PBXGroup section */
		579FD18A1DCAE8BA002AADE0 = {
			isa = PBXGroup;
			children = (
				579FD1951DCAE8BA002AADE0 /* milankovitch */,
				579FD1941DCAE8BA002AADE0 /* Products */,
			);
			sourceTree = "<group>";
		};
		579FD1941DCAE8BA002AADE0 /* Products */ = {
			isa = PBXGroup;
			children = (
				579FD1931DCAE8BA002AADE0 /* milankovitch.app */,
			);
			name = Products;
			sourceTree = "<group>";
		};
		579FD1951DCAE8BA002AADE0 /* milankovitch */ = {
			isa = PBXGroup;
			children = (
				579FD1961DCAE8BA002AADE0 /* AppDelegate.swift */,
				579FD1981DCAE8BA002AADE0 /* ViewController.swift */,
				579FD19A1DCAE8BA002AADE0 /* Assets.xcassets */,
				579FD19C1DCAE8BA002AADE0 /* Main.storyboard */,
				579FD19F1DCAE8BA002AADE0 /* Info.plist */,
			);
			path = milankovitch;
			sourceTree = "<group>";
		};
/* End PBXGroup section */

/* Begin PBXNativeTarget section */
		579FD1921DCAE8BA002AADE0 /* milankovitch */ = {
			isa = PBXNativeTarget;
			buildConfigurationList = 579FD1A21DCAE8BA002AADE0 /* Build configuration list for PBXNativeTarget "milankovitch" */;
			buildPhases = (
				579FD18F1DCAE8BA002AADE0 /* Sources */,
				579FD1901DCAE8BA002AADE0 /* Frameworks */,
				579FD1911DCAE8BA002AADE0 /* Resources */,
			);
			buildRules = (
			);
			dependencies = (
			);
			name = milankovitch;
			productName = milankovitch;
			productReference = 579FD1931DCAE8BA002AADE0 /* milankovitch.app */;
			productType = "com.apple.product-type.application";
		};
/* End PBXNativeTarget section */

/* Begin PBXProject section */
		579FD18B1DCAE8BA002AADE0 /* Project object */ = {
			isa = PBXProject;
			attributes = {
				LastSwiftUpdateCheck = 0800;
				LastUpgradeCheck = 0800;
				ORGANIZATIONNAME = UNAM;
				TargetAttributes = {
					579FD1921DCAE8BA002AADE0 = {
						CreatedOnToolsVersion = 8.0;
						DevelopmentTeam = 7KEAY7WHQA;
						ProvisioningStyle = Automatic;
					};
				};
			};
			buildConfigurationList = 579FD18E1DCAE8BA002AADE0 /* Build configuration list for PBXProject "milankovitch" */;
			compatibilityVersion = "Xcode 3.2";
			developmentRegion = English;
			hasScannedForEncodings = 0;
			knownRegions = (
				en,
				Base,
			);
			mainGroup = 579FD18A1DCAE8BA002AADE0;
			productRefGroup = 579FD1941DCAE8BA002AADE0 /* Products */;
			projectDirPath = "";
			projectRoot = "";
			targets = (
				579FD1921DCAE8BA002AADE0 /* milankovitch */,
			);
		};
/* End PBXProject section */

/* Begin PBXResourcesBuildPhase section */
		579FD1911DCAE8BA002AADE0 /* Resources */ = {
			isa = PBXResourcesBuildPhase;
			buildActionMask = 2147483647;
			files = (
				579FD19B1DCAE8BA002AADE0 /* Assets.xcassets in Resources */,
				579FD19E1DCAE8BA002AADE0 /* Main.storyboard in Resources */,
			);
			runOnlyForDeploymentPostprocessing = 0;
		};
/* End PBXResourcesBuildPhase section */

/* Begin PBXSourcesBuildPhase section */
		579FD18F1DCAE8BA002AADE0 /* Sources */ = {
			isa = PBXSourcesBuildPhase;
			buildActionMask = 2147483647;
			files = (
				579FD1991DCAE8BA002AADE0 /* ViewController.swift in Sources */,
				579FD1971DCAE8BA002AADE0 /* AppDelegate.swift in Sources */,
			);
			runOnlyForDeploymentPostprocessing = 0;
		};
/* End PBXSourcesBuildPhase section */

/* Begin PBXVariantGroup section */
		579FD19C1DCAE8BA002AADE0 /* Main.storyboard */ = {
			isa = PBXVariantGroup;
			children = (
				579FD19D1DCAE8BA002AADE0 /* Base */,
			);
			name = Main.storyboard;
			sourceTree = "<group>";
		};
/* End PBXVariantGroup section */

/* Begin XCBuildConfiguration section */
		579FD1A01DCAE8BA002AADE0 /* Debug */ = {
			isa = XCBuildConfiguration;
			buildSettings = {
				ALWAYS_SEARCH_USER_PATHS = NO;
				CLANG_ANALYZER_NONNULL = YES;
				CLANG_CXX_LANGUAGE_STANDARD = "gnu++0x";
				CLANG_CXX_LIBRARY = "libc++";
				CLANG_ENABLE_MODULES = YES;
				CLANG_ENABLE_OBJC_ARC = YES;
				CLANG_WARN_BOOL_CONVERSION = YES;
				CLANG_WARN_CONSTANT_CONVERSION = YES;
				CLANG_WARN_DIRECT_OBJC_ISA_USAGE = YES_ERROR;
				CLANG_WARN_DOCUMENTATION_COMMENTS = YES;
				CLANG_WARN_EMPTY_BODY = YES;
				CLANG_WARN_ENUM_CONVERSION = YES;
				CLANG_WARN_INFINITE_RECURSION = YES;
				CLANG_WARN_INT_CONVERSION = YES;
				CLANG_WARN_OBJC_ROOT_CLASS = YES_ERROR;
				CLANG_WARN_SUSPICIOUS_MOVES = YES;
				CLANG_WARN_UNREACHABLE_CODE = YES;
				CLANG_WARN__DUPLICATE_METHOD_MATCH = YES;
				CODE_SIGN_IDENTITY = "-";
				COPY_PHASE_STRIP = NO;
				DEBUG_INFORMATION_FORMAT = dwarf;
				ENABLE_STRICT_OBJC_MSGSEND = YES;
				ENABLE_TESTABILITY = YES;
				GCC_C_LANGUAGE_STANDARD = gnu99;
				GCC_DYNAMIC_NO_PIC = NO;
				GCC_NO_COMMON_BLOCKS = YES;
				GCC_OPTIMIZATION_LEVEL = 0;
				GCC_PREPROCESSOR_DEFINITIONS = (
					"DEBUG=1",
					"$(inherited)",
				);
				GCC_WARN_64_TO_32_BIT_CONVERSION = YES;
				GCC_WARN_ABOUT_RETURN_TYPE = YES_ERROR;
				GCC_WARN_UNDECLARED_SELECTOR = YES;
				GCC_WARN_UNINITIALIZED_AUTOS = YES_AGGRESSIVE;
				GCC_WARN_UNUSED_FUNCTION = YES;
				GCC_WARN_UNUSED_VARIABLE = YES;
				MACOSX_DEPLOYMENT_TARGET = 10.11;
				MTL_ENABLE_DEBUG_INFO = YES;
				ONLY_ACTIVE_ARCH = YES;
				SDKROOT = macosx;
				SWIFT_ACTIVE_COMPILATION_CONDITIONS = DEBUG;
				SWIFT_OPTIMIZATION_LEVEL = "-Onone";
			};
			name = Debug;
		};
		579FD1A11DCAE8BA002AADE0 /* Release */ = {
			isa = XCBuildConfiguration;
			buildSettings = {
				ALWAYS_SEARCH_USER_PATHS = NO;
				CLANG_ANALYZER_NONNULL = YES;
				CLANG_CXX_LANGUAGE_STANDARD = "gnu++0x";
				CLANG_CXX_LIBRARY = "libc++";
				CLANG_ENABLE_MODULES = YES;
				CLANG_ENABLE_OBJC_ARC = YES;
				CLANG_WARN_BOOL_CONVERSION = YES;
				CLANG_WARN_CONSTANT_CONVERSION = YES;
				CLANG_WARN_DIRECT_OBJC_ISA_USAGE = YES_ERROR;
				CLANG_WARN_DOCUMENTATION_COMMENTS = YES;
				CLANG_WARN_EMPTY_BODY = YES;
				CLANG_WARN_ENUM_CONVERSION = YES;
				CLANG_WARN_INFINITE_RECURSION = YES;
				CLANG_WARN_INT_CONVERSION = YES;
				CLANG_WARN_OBJC_ROOT_CLASS = YES_ERROR;
				CLANG_WARN_SUSPICIOUS_MOVES = YES;
				CLANG_WARN_UNREACHABLE_CODE = YES;
				CLANG_WARN__DUPLICATE_METHOD_MATCH = YES;
				CODE_SIGN_IDENTITY = "-";
				COPY_PHASE_STRIP = NO;
				DEBUG_INFORMATION_FORMAT = "dwarf-with-dsym";
				ENABLE_NS_ASSERTIONS = NO;
				ENABLE_STRICT_OBJC_MSGSEND = YES;
				GCC_C_LANGUAGE_STANDARD = gnu99;
				GCC_NO_COMMON_BLOCKS = YES;
				GCC_WARN_64_TO_32_BIT_CONVERSION = YES;
				GCC_WARN_ABOUT_RETURN_TYPE = YES_ERROR;
				GCC_WARN_UNDECLARED_SELECTOR = YES;
				GCC_WARN_UNINITIALIZED_AUTOS = YES_AGGRESSIVE;
				GCC_WARN_UNUSED_FUNCTION = YES;
				GCC_WARN_UNUSED_VARIABLE = YES;
				MACOSX_DEPLOYMENT_TARGET = 10.11;
				MTL_ENABLE_DEBUG_INFO = NO;
				SDKROOT = macosx;
				SWIFT_OPTIMIZATION_LEVEL = "-Owholemodule";
			};
			name = Release;
		};
		579FD1A31DCAE8BA002AADE0 /* Debug */ = {
			isa = XCBuildConfiguration;
			buildSettings = {
				ASSETCATALOG_COMPILER_APPICON_NAME = AppIcon;
				COMBINE_HIDPI_IMAGES = YES;
				DEVELOPMENT_TEAM = 7KEAY7WHQA;
				INFOPLIST_FILE = milankovitch/Info.plist;
				LD_RUNPATH_SEARCH_PATHS = "$(inherited) @executable_path/../Frameworks";
				PRODUCT_BUNDLE_IDENTIFIER = mx.cca.unam.milankovitch;
				PRODUCT_NAME = "$(TARGET_NAME)";
				SWIFT_VERSION = 3.0;
			};
			name = Debug;
		};
		579FD1A41DCAE8BA002AADE0 /* Release */ = {
			isa = XCBuildConfiguration;
			buildSettings = {
				ASSETCATALOG_COMPILER_APPICON_NAME = AppIcon;
				COMBINE_HIDPI_IMAGES = YES;
				DEVELOPMENT_TEAM = 7KEAY7WHQA;
				INFOPLIST_FILE = milankovitch/Info.plist;
				LD_RUNPATH_SEARCH_PATHS = "$(inherited) @executable_path/../Frameworks";
				PRODUCT_BUNDLE_IDENTIFIER = mx.cca.unam.milankovitch;
				PRODUCT_NAME = "$(TARGET_NAME)";
				SWIFT_VERSION = 3.0;
			};
			name = Release;
		};
/* End XCBuildConfiguration section */

/* Begin XCConfigurationList section */
		579FD18E1DCAE8BA002AADE0 /* Build configuration list for PBXProject "milankovitch" */ = {
			isa = XCConfigurationList;
			buildConfigurations = (
				579FD1A01DCAE8BA002AADE0 /* Debug */,
				579FD1A11DCAE8BA002AADE0 /* Release */,
			);
			defaultConfigurationIsVisible = 0;
			defaultConfigurationName = Release;
		};
		579FD1A21DCAE8BA002AADE0 /* Build configuration list for PBXNativeTarget "milankovitch" */ = {
			isa = XCConfigurationList;
			buildConfigurations = (
				579FD1A31DCAE8BA002AADE0 /* Debug */,
				579FD1A41DCAE8BA002AADE0 /* Release */,
			);
			defaultConfigurationIsVisible = 0;
		};
/* End XCConfigurationList section */
	};
	rootObject = 579FD18B1DCAE8BA002AADE0 /* Project object */;
}
